PODS:
  - ActionSheetPicker-3.0 (2.2.0)
  - AFNetworking (3.1.0):
    - AFNetworking/NSURLSession (= 3.1.0)
    - AFNetworking/Reachability (= 3.1.0)
    - AFNetworking/Security (= 3.1.0)
    - AFNetworking/Serialization (= 3.1.0)
    - AFNetworking/UIKit (= 3.1.0)
  - AFNetworking/NSURLSession (3.1.0):
    - AFNetworking/Reachability
    - AFNetworking/Security
    - AFNetworking/Serialization
  - AFNetworking/Reachability (3.1.0)
  - AFNetworking/Security (3.1.0)
  - AFNetworking/Serialization (3.1.0)
  - AFNetworking/UIKit (3.1.0):
    - AFNetworking/NSURLSession
  - AlipaySDK-2.0 (15.0.2):
    - AlipaySDK-2.0/Core (= 15.0.2)
  - AlipaySDK-2.0/Core (15.0.2)
  - BaiduMapKit (3.0.0)
  - CRToast (0.0.9)
  - DateTools (1.7.0)
  - IQKeyboardManager (4.0.4)
  - jrswizzle-Pinka (1.0.2)
  - JSONKit-NoWarning (1.2)
  - JWNetAutoCache (0.0.2)
  - Masonry (1.0.1)
  - MJExtension (3.0.13)
  - MJRefresh (3.1.12)
  - MMDrawerController (0.6.0):
    - MMDrawerController/Core (= 0.6.0)
    - MMDrawerController/MMDrawerBarButtonItem (= 0.6.0)
    - MMDrawerController/MMDrawerVisualStates (= 0.6.0)
    - MMDrawerController/Subclass (= 0.6.0)
  - MMDrawerController/Core (0.6.0)
  - MMDrawerController/MMDrawerBarButtonItem (0.6.0):
    - MMDrawerController/Core
  - MMDrawerController/MMDrawerVisualStates (0.6.0):
    - MMDrawerController/Core
  - MMDrawerController/Subclass (0.6.0):
    - MMDrawerController/Core
  - NSData+Base64 (1.0.0)
  - RDVTabBarController (1.1.9)
  - SAMKeychain (1.5.0)
  - SDCycleScrollView (1.65):
    - SDWebImage (~> 3.7)
  - SDWebImage (3.8.1):
    - SDWebImage/Core (= 3.8.1)
  - SDWebImage/Core (3.8.1)
  - SVProgressHUD (2.0.3)
  - UIAlertController+Blocks (0.9)
  - UIImage-Helpers (0.0.3)
  - UITableView+FDTemplateLayoutCell (1.4)
  - UMengAnalytics-NO-IDFA (4.2.5)
  - UMengUShare/Core (6.4.2):
    - UMengUShare/Network
  - UMengUShare/Network (6.4.2)
  - UMengUShare/Social/ReducedQQ (6.4.2):
    - UMengUShare/Core
  - UMengUShare/Social/ReducedSina (6.4.2):
    - UMengUShare/Core
  - UMengUShare/Social/ReducedWeChat (6.4.2):
    - UMengUShare/Core
  - UMengUShare/UI (6.4.2):
    - UMengUShare/Core
  - WeChat (1.0.1)

DEPENDENCIES:
  - ActionSheetPicker-3.0
  - AFNetworking
  - AlipaySDK-2.0
  - BaiduMapKit
  - CRToast
  - DateTools
  - IQKeyboardManager
  - jrswizzle-Pinka
  - JSONKit-NoWarning
  - JWNetAutoCache
  - Masonry
  - MJExtension (~> 3.0.13)
  - MJRefresh
  - MMDrawerController
  - NSData+Base64
  - RDVTabBarController
  - SAMKeychain
  - SDCycleScrollView
  - SDWebImage
  - SVProgressHUD
  - UIAlertController+Blocks
  - UIImage-Helpers
  - UITableView+FDTemplateLayoutCell
  - UMengAnalytics-NO-IDFA
  - UMengUShare/Social/ReducedQQ
  - UMengUShare/Social/ReducedSina
  - UMengUShare/Social/ReducedWeChat
  - UMengUShare/UI
  - WeChat

SPEC CHECKSUMS:
  ActionSheetPicker-3.0: d11a4c12c6aaf704b8a3f56d179198c99f3e41e6
  AFNetworking: 5e0e199f73d8626b11e79750991f5d173d1f8b67
  AlipaySDK-2.0: 346e006fd2999d5ca5dd8869d03bc0a260fc48e0
  BaiduMapKit: de2a726d5296d6b2dc0e974b683af73153608dcd
  CRToast: 5a78c22b921c5ed3487488af605bc403a9c92fed
  DateTools: 53288ee8b905fdc75897a1e6b5cc0144b14cba60
  IQKeyboardManager: 4a6f83b540283c2645aaeba2bd8dc0f09b5c77f8
  jrswizzle-Pinka: e410f8117f4d08cd02bb4e2dde2c29a7d403af55
  JSONKit-NoWarning: 3d27e6f9e6846ecf741e8c64dcadd7d5aa7193cb
  JWNetAutoCache: 434f10855da06d29a381359552ae9d27ef35cad7
  Masonry: a1a931a0d08870ed8ae415a2ea5ea68ebcac77df
  MJExtension: 5932755f451458eefa24239358817f8d291240c7
  MJRefresh: b96cdb21c4aa75a7b07654311ab2f315c497e806
  MMDrawerController: e3a54a5570388463ad3b36975251575b50c4e1a0
  NSData+Base64: 4e84902c4db907a15673474677e57763ef3903e4
  RDVTabBarController: 67794f7a7a37f8e32f046f85ac67d06ab92d624a
  SAMKeychain: 1fc9ae02f576365395758b12888c84704eebc423
  SDCycleScrollView: f72904c77698a7f93a41bcbbc2d78b073bf7326c
  SDWebImage: 35f9627a3e44b4f292a8a8ce6a531fa488239b91
  SVProgressHUD: b0830714205bea1317ea1a2ebc71e5633af334d4
  UIAlertController+Blocks: b48c673ff60726da468b32ab21bbc7683512d45b
  UIImage-Helpers: 06b04a42bdd222844035602e87e936765c80f620
  UITableView+FDTemplateLayoutCell: 234e1582bcc4e18461af91155123bb96538ed030
  UMengAnalytics-NO-IDFA: 16666e32edce5be44ae5b14aaaa7f3582e09d6ab
  UMengUShare: 740664d1dd5cc2fb2cc3325d61e4b35539aa9c78
  WeChat: 93915b3be360b5bdfe48e8a9d64ff0315a28c240

PODFILE CHECKSUM: 60c3faf5ff025312a17a772053f10d2e3c8e87d3

COCOAPODS: 1.2.1
